
Microsoft Visual Studio Solution File, Format Version 12.00
# Visual Studio Version 17
VisualStudioVersion = 17.8.34309.116
MinimumVisualStudioVersion = 10.0.40219.1
Project("{2150E333-8FDC-42A3-9474-1A3956D46DE8}") = "Tests", "Tests", "{C2B31038-FE20-4B00-A769-8CF88ADF9E9A}"
EndProject
Project("{2150E333-8FDC-42A3-9474-1A3956D46DE8}") = "Src", "Src", "{1C23BC76-9121-42F4-AE08-AA5E9E9B4F7A}"
EndProject
Project("{2150E333-8FDC-42A3-9474-1A3956D46DE8}") = "UI", "UI", "{2CF20C76-786D-4984-8E7B-29B5D939F6E4}"
EndProject
Project("{2150E333-8FDC-42A3-9474-1A3956D46DE8}") = "Infrastructure", "Infrastructure", "{DF89B8F0-EF84-4478-A7ED-D259EC15FC7C}"
EndProject
Project("{2150E333-8FDC-42A3-9474-1A3956D46DE8}") = "Core", "Core", "{F3DF8E54-EC3F-40B6-A6FD-E620AB2CAC2A}"
EndProject
Project("{2150E333-8FDC-42A3-9474-1A3956D46DE8}") = "API", "API", "{7DDFA7DC-B268-4F82-B9FF-DA9BAE690E6E}"
EndProject
Project("{9A19103F-16F7-4668-BE54-9A1E7A4F7556}") = "IGEG.ToolShop.Application", "IGEG.ToolShop.Application\IGEG.ToolShop.Application.csproj", "{C3ED7CE2-05CC-4D8A-9A2C-4974B2FECBBF}"
EndProject
Project("{9A19103F-16F7-4668-BE54-9A1E7A4F7556}") = "IGEG.ToolShop.Domain", "IGEG.ToolShop.Domain\IGEG.ToolShop.Domain.csproj", "{8FE9D31E-58EB-47B3-9F76-5567620C0E34}"
EndProject
Project("{9A19103F-16F7-4668-BE54-9A1E7A4F7556}") = "IGEG.ToolShop.Persistance", "IGEG.ToolShop.Persistance\IGEG.ToolShop.Persistance.csproj", "{E53F0F14-2174-4F3D-B371-C663F9BD7A46}"
EndProject
Project("{9A19103F-16F7-4668-BE54-9A1E7A4F7556}") = "IGEG.ToolShop.Infrastructure", "IGEG.ToolShop.Infrastructure\IGEG.ToolShop.Infrastructure.csproj", "{FC18D6C5-0229-4D66-8490-ED62815BD6A1}"
EndProject
Project("{FAE04EC0-301F-11D3-BF4B-00C04F79EFBC}") = "IGEG.ToolShop.WebAPI", "IGEG.ToolShop.WebAPI\IGEG.ToolShop.WebAPI.csproj", "{B2CF138F-E193-47E0-A9DA-C7AB8758B96E}"
EndProject
Global
	GlobalSection(SolutionConfigurationPlatforms) = preSolution
		Debug|Any CPU = Debug|Any CPU
		Release|Any CPU = Release|Any CPU
	EndGlobalSection
	GlobalSection(ProjectConfigurationPlatforms) = postSolution
		{C3ED7CE2-05CC-4D8A-9A2C-4974B2FECBBF}.Debug|Any CPU.ActiveCfg = Debug|Any CPU
		{C3ED7CE2-05CC-4D8A-9A2C-4974B2FECBBF}.Debug|Any CPU.Build.0 = Debug|Any CPU
		{C3ED7CE2-05CC-4D8A-9A2C-4974B2FECBBF}.Release|Any CPU.ActiveCfg = Release|Any CPU
		{C3ED7CE2-05CC-4D8A-9A2C-4974B2FECBBF}.Release|Any CPU.Build.0 = Release|Any CPU
		{8FE9D31E-58EB-47B3-9F76-5567620C0E34}.Debug|Any CPU.ActiveCfg = Debug|Any CPU
		{8FE9D31E-58EB-47B3-9F76-5567620C0E34}.Debug|Any CPU.Build.0 = Debug|Any CPU
		{8FE9D31E-58EB-47B3-9F76-5567620C0E34}.Release|Any CPU.ActiveCfg = Release|Any CPU
		{8FE9D31E-58EB-47B3-9F76-5567620C0E34}.Release|Any CPU.Build.0 = Release|Any CPU
		{E53F0F14-2174-4F3D-B371-C663F9BD7A46}.Debug|Any CPU.ActiveCfg = Debug|Any CPU
		{E53F0F14-2174-4F3D-B371-C663F9BD7A46}.Debug|Any CPU.Build.0 = Debug|Any CPU
		{E53F0F14-2174-4F3D-B371-C663F9BD7A46}.Release|Any CPU.ActiveCfg = Release|Any CPU
		{E53F0F14-2174-4F3D-B371-C663F9BD7A46}.Release|Any CPU.Build.0 = Release|Any CPU
		{FC18D6C5-0229-4D66-8490-ED62815BD6A1}.Debug|Any CPU.ActiveCfg = Debug|Any CPU
		{FC18D6C5-0229-4D66-8490-ED62815BD6A1}.Debug|Any CPU.Build.0 = Debug|Any CPU
		{FC18D6C5-0229-4D66-8490-ED62815BD6A1}.Release|Any CPU.ActiveCfg = Release|Any CPU
		{FC18D6C5-0229-4D66-8490-ED62815BD6A1}.Release|Any CPU.Build.0 = Release|Any CPU
		{B2CF138F-E193-47E0-A9DA-C7AB8758B96E}.Debug|Any CPU.ActiveCfg = Debug|Any CPU
		{B2CF138F-E193-47E0-A9DA-C7AB8758B96E}.Debug|Any CPU.Build.0 = Debug|Any CPU
		{B2CF138F-E193-47E0-A9DA-C7AB8758B96E}.Release|Any CPU.ActiveCfg = Release|Any CPU
		{B2CF138F-E193-47E0-A9DA-C7AB8758B96E}.Release|Any CPU.Build.0 = Release|Any CPU
	EndGlobalSection
	GlobalSection(SolutionProperties) = preSolution
		HideSolutionNode = FALSE
	EndGlobalSection
	GlobalSection(NestedProjects) = preSolution
		{2CF20C76-786D-4984-8E7B-29B5D939F6E4} = {1C23BC76-9121-42F4-AE08-AA5E9E9B4F7A}
		{DF89B8F0-EF84-4478-A7ED-D259EC15FC7C} = {1C23BC76-9121-42F4-AE08-AA5E9E9B4F7A}
		{F3DF8E54-EC3F-40B6-A6FD-E620AB2CAC2A} = {1C23BC76-9121-42F4-AE08-AA5E9E9B4F7A}
		{7DDFA7DC-B268-4F82-B9FF-DA9BAE690E6E} = {1C23BC76-9121-42F4-AE08-AA5E9E9B4F7A}
		{C3ED7CE2-05CC-4D8A-9A2C-4974B2FECBBF} = {F3DF8E54-EC3F-40B6-A6FD-E620AB2CAC2A}
		{8FE9D31E-58EB-47B3-9F76-5567620C0E34} = {F3DF8E54-EC3F-40B6-A6FD-E620AB2CAC2A}
		{E53F0F14-2174-4F3D-B371-C663F9BD7A46} = {DF89B8F0-EF84-4478-A7ED-D259EC15FC7C}
		{FC18D6C5-0229-4D66-8490-ED62815BD6A1} = {DF89B8F0-EF84-4478-A7ED-D259EC15FC7C}
		{B2CF138F-E193-47E0-A9DA-C7AB8758B96E} = {7DDFA7DC-B268-4F82-B9FF-DA9BAE690E6E}
	EndGlobalSection
	GlobalSection(ExtensibilityGlobals) = postSolution
		SolutionGuid = {D0AE392E-1600-49B2-B5A5-AE5272C3ACB8}
	EndGlobalSection
EndGlobal
